Microsoft Visual Studio Solution File, Format Version 12.00
# Visual Studio Version 17
VisualStudioVersion = 17.5.2.0
MinimumVisualStudioVersion = 10.0.40219.1
Project("{FAE04EC0-301F-11D3-BF4B-00C04F79EFBC}") = "BeChallenge", "src\BeChallenge.csproj", "{6B64CB26-A3A3-FE27-041E-8666C0F9AFA7}"
EndProject
Project("{FAE04EC0-301F-11D3-BF4B-00C04F79EFBC}") = "BeChallenge.Tests", "BeChallenge.Tests\BeChallenge.Tests.csproj", "{97664DF8-CEB6-4A3A-BEFF-6773A5C82E96}"
EndProject
Global
	GlobalSection(SolutionConfigurationPlatforms) = preSolution
		Debug|Any CPU = Debug|Any CPU
		Release|Any CPU = Release|Any CPU
	EndGlobalSection
	GlobalSection(ProjectConfigurationPlatforms) = postSolution
		{6B64CB26-A3A3-FE27-041E-8666C0F9AFA7}.Debug|Any CPU.ActiveCfg = Debug|Any CPU
		{6B64CB26-A3A3-FE27-041E-8666C0F9AFA7}.Debug|Any CPU.Build.0 = Debug|Any CPU
		{6B64CB26-A3A3-FE27-041E-8666C0F9AFA7}.Release|Any CPU.ActiveCfg = Release|Any CPU
		{6B64CB26-A3A3-FE27-041E-8666C0F9AFA7}.Release|Any CPU.Build.0 = Release|Any CPU
		{97664DF8-CEB6-4A3A-BEFF-6773A5C82E96}.Debug|Any CPU.ActiveCfg = Debug|Any CPU
		{97664DF8-CEB6-4A3A-BEFF-6773A5C82E96}.Debug|Any CPU.Build.0 = Debug|Any CPU
		{97664DF8-CEB6-4A3A-BEFF-6773A5C82E96}.Release|Any CPU.ActiveCfg = Release|Any CPU
		{97664DF8-CEB6-4A3A-BEFF-6773A5C82E96}.Release|Any CPU.Build.0 = Release|Any CPU
	EndGlobalSection
	GlobalSection(SolutionProperties) = preSolution
		HideSolutionNode = FALSE
	EndGlobalSection
	GlobalSection(ExtensibilityGlobals) = postSolution
		SolutionGuid = {DA0F4E96-8A46-4CB0-9CBB-B9958387B9AF}
	EndGlobalSection
EndGlobal
